
Microsoft Visual Studio Solution File, Format Version 11.00
# Visual Studio Version 17

Project("{8BC9CEB8-8B4A-11D0-8D11-00A0C91BC942}") = "SpisGirls - Standalone Plugin", "SpisGirls_StandalonePlugin.vcxproj", "{14E447F1-B271-2D47-D2BE-A36B49E72CB2}"
	ProjectSection(ProjectDependencies) = postProject
		{13AE9CE3-6438-3358-6002-F7B43ABAC654} = {13AE9CE3-6438-3358-6002-F7B43ABAC654}
	EndProjectSection
EndProject
Project("{8BC9CEB8-8B4A-11D0-8D11-00A0C91BC942}") = "SpisGirls - VST3", "SpisGirls_VST3.vcxproj", "{AA82BC63-3C24-9594-088D-E7BC59CAC99D}"
	ProjectSection(ProjectDependencies) = postProject
		{13AE9CE3-6438-3358-6002-F7B43ABAC654} = {13AE9CE3-6438-3358-6002-F7B43ABAC654}
		{898906B8-72D0-D24D-185B-AB03AA585EFD} = {898906B8-72D0-D24D-185B-AB03AA585EFD}
	EndProjectSection
EndProject
Project("{8BC9CEB8-8B4A-11D0-8D11-00A0C91BC942}") = "SpisGirls - Shared Code", "SpisGirls_SharedCode.vcxproj", "{13AE9CE3-6438-3358-6002-F7B43ABAC654}"
EndProject
Project("{8BC9CEB8-8B4A-11D0-8D11-00A0C91BC942}") = "SpisGirls - VST3 Manifest Helper", "SpisGirls_VST3ManifestHelper.vcxproj", "{898906B8-72D0-D24D-185B-AB03AA585EFD}"
EndProject
Global
	GlobalSection(SolutionConfigurationPlatforms) = preSolution
		Debug|x64 = Debug|x64
		Release|x64 = Release|x64
	EndGlobalSection
	GlobalSection(ProjectConfigurationPlatforms) = postSolution
		{AA82BC63-3C24-9594-088D-E7BC59CAC99D}.Debug|x64.ActiveCfg = Debug|x64
		{AA82BC63-3C24-9594-088D-E7BC59CAC99D}.Debug|x64.Build.0 = Debug|x64
		{AA82BC63-3C24-9594-088D-E7BC59CAC99D}.Release|x64.ActiveCfg = Release|x64
		{AA82BC63-3C24-9594-088D-E7BC59CAC99D}.Release|x64.Build.0 = Release|x64
		{14E447F1-B271-2D47-D2BE-A36B49E72CB2}.Debug|x64.ActiveCfg = Debug|x64
		{14E447F1-B271-2D47-D2BE-A36B49E72CB2}.Debug|x64.Build.0 = Debug|x64
		{14E447F1-B271-2D47-D2BE-A36B49E72CB2}.Release|x64.ActiveCfg = Release|x64
		{14E447F1-B271-2D47-D2BE-A36B49E72CB2}.Release|x64.Build.0 = Release|x64
		{13AE9CE3-6438-3358-6002-F7B43ABAC654}.Debug|x64.ActiveCfg = Debug|x64
		{13AE9CE3-6438-3358-6002-F7B43ABAC654}.Debug|x64.Build.0 = Debug|x64
		{13AE9CE3-6438-3358-6002-F7B43ABAC654}.Release|x64.ActiveCfg = Release|x64
		{13AE9CE3-6438-3358-6002-F7B43ABAC654}.Release|x64.Build.0 = Release|x64
		{898906B8-72D0-D24D-185B-AB03AA585EFD}.Debug|x64.ActiveCfg = Debug|x64
		{898906B8-72D0-D24D-185B-AB03AA585EFD}.Debug|x64.Build.0 = Debug|x64
		{898906B8-72D0-D24D-185B-AB03AA585EFD}.Release|x64.ActiveCfg = Release|x64
		{898906B8-72D0-D24D-185B-AB03AA585EFD}.Release|x64.Build.0 = Release|x64
	EndGlobalSection
	GlobalSection(SolutionProperties) = preSolution
		HideSolutionNode = FALSE
	EndGlobalSection
EndGlobal
